// !$*UTF8*$!
{
	archiveVersion = 1;
	classes = {
	};
	objectVersion = 50;
	objects = {

/* Begin PBXBuildFile section */
		71491085215F3CCDD63EBB79 /* Pods_ToDoList.framework in Frameworks */ = {isa = PBXBuildFile; fileRef = BBE3FCE4B75D9B8907AE281E /* Pods_ToDoList.framework */; };
		A6598ABC211CABAE0022A0D4 /* Category.swift in Sources */ = {isa = PBXBuildFile; fileRef = A6598ABB211CABAE0022A0D4 /* Category.swift */; };
		A6598ABE211CABB70022A0D4 /* Item.swift in Sources */ = {isa = PBXBuildFile; fileRef = A6598ABD211CABB70022A0D4 /* Item.swift */; };
		A6598AC0211CECA90022A0D4 /* DateFormatter.swift in Sources */ = {isa = PBXBuildFile; fileRef = A6598ABF211CECA90022A0D4 /* DateFormatter.swift */; };
		A6B5B806211CF16B00641D69 /* NetworkManager.swift in Sources */ = {isa = PBXBuildFile; fileRef = A6B5B805211CF16B00641D69 /* NetworkManager.swift */; };
		A6B5B808211CF3DC00641D69 /* EndPoints.swift in Sources */ = {isa = PBXBuildFile; fileRef = A6B5B807211CF3DC00641D69 /* EndPoints.swift */; };
		A6CEE62D211BA12E00A169B6 /* AppDelegate.swift in Sources */ = {isa = PBXBuildFile; fileRef = A6CEE62C211BA12E00A169B6 /* AppDelegate.swift */; };
		A6CEE62F211BA12E00A169B6 /* MainVC.swift in Sources */ = {isa = PBXBuildFile; fileRef = A6CEE62E211BA12E00A169B6 /* MainVC.swift */; };
		A6CEE632211BA12E00A169B6 /* Main.storyboard in Resources */ = {isa = PBXBuildFile; fileRef = A6CEE630211BA12E00A169B6 /* Main.storyboard */; };
		A6CEE634211BA12F00A169B6 /* Assets.xcassets in Resources */ = {isa = PBXBuildFile; fileRef = A6CEE633211BA12F00A169B6 /* Assets.xcassets */; };
		A6CEE637211BA12F00A169B6 /* LaunchScreen.storyboard in Resources */ = {isa = PBXBuildFile; fileRef = A6CEE635211BA12F00A169B6 /* LaunchScreen.storyboard */; };
		A6CEE63F211C9E3200A169B6 /* DetailVC.swift in Sources */ = {isa = PBXBuildFile; fileRef = A6CEE63E211C9E3200A169B6 /* DetailVC.swift */; };
/* End PBXBuildFile section */

/* Begin PBXFileReference section */
		3B11ECAA7A8F22F61665B3B5 /* Pods-ToDoList.debug.xcconfig */ = {isa = PBXFileReference; includeInIndex = 1; lastKnownFileType = text.xcconfig; name = "Pods-ToDoList.debug.xcconfig"; path = "Pods/Target Support Files/Pods-ToDoList/Pods-ToDoList.debug.xcconfig"; sourceTree = "<group>"; };
		6DC6652FE7C8877028A85464 /* Pods-ToDoList.release.xcconfig */ = {isa = PBXFileReference; includeInIndex = 1; lastKnownFileType = text.xcconfig; name = "Pods-ToDoList.release.xcconfig"; path = "Pods/Target Support Files/Pods-ToDoList/Pods-ToDoList.release.xcconfig"; sourceTree = "<group>"; };
		A6598ABB211CABAE0022A0D4 /* Category.swift */ = {isa = PBXFileReference; lastKnownFileType = sourcecode.swift; path = Category.swift; sourceTree = "<group>"; };
		A6598ABD211CABB70022A0D4 /* Item.swift */ = {isa = PBXFileReference; lastKnownFileType = sourcecode.swift; path = Item.swift; sourceTree = "<group>"; };
		A6598ABF211CECA90022A0D4 /* DateFormatter.swift */ = {isa = PBXFileReference; lastKnownFileType = sourcecode.swift; path = DateFormatter.swift; sourceTree = "<group>"; };
		A6B5B805211CF16B00641D69 /* NetworkManager.swift */ = {isa = PBXFileReference; lastKnownFileType = sourcecode.swift; path = NetworkManager.swift; sourceTree = "<group>"; };
		A6B5B807211CF3DC00641D69 /* EndPoints.swift */ = {isa = PBXFileReference; lastKnownFileType = sourcecode.swift; path = EndPoints.swift; sourceTree = "<group>"; };
		A6CEE629211BA12E00A169B6 /* ToDoList.app */ = {isa = PBXFileReference; explicitFileType = wrapper.application; includeInIndex = 0; path = ToDoList.app; sourceTree = BUILT_PRODUCTS_DIR; };
		A6CEE62C211BA12E00A169B6 /* AppDelegate.swift */ = {isa = PBXFileReference; lastKnownFileType = sourcecode.swift; path = AppDelegate.swift; sourceTree = "<group>"; };
		A6CEE62E211BA12E00A169B6 /* MainVC.swift */ = {isa = PBXFileReference; lastKnownFileType = sourcecode.swift; path = MainVC.swift; sourceTree = "<group>"; };
		A6CEE631211BA12E00A169B6 /* Base */ = {isa = PBXFileReference; lastKnownFileType = file.storyboard; name = Base; path = Base.lproj/Main.storyboard; sourceTree = "<group>"; };
		A6CEE633211BA12F00A169B6 /* Assets.xcassets */ = {isa = PBXFileReference; lastKnownFileType = folder.assetcatalog; path = Assets.xcassets; sourceTree = "<group>"; };
		A6CEE636211BA12F00A169B6 /* Base */ = {isa = PBXFileReference; lastKnownFileType = file.storyboard; name = Base; path = Base.lproj/LaunchScreen.storyboard; sourceTree = "<group>"; };
		A6CEE638211BA12F00A169B6 /* Info.plist */ = {isa = PBXFileReference; lastKnownFileType = text.plist.xml; path = Info.plist; sourceTree = "<group>"; };
		A6CEE63E211C9E3200A169B6 /* DetailVC.swift */ = {isa = PBXFileReference; lastKnownFileType = sourcecode.swift; path = DetailVC.swift; sourceTree = "<group>"; };
		BBE3FCE4B75D9B8907AE281E /* Pods_ToDoList.framework */ = {isa = PBXFileReference; explicitFileType = wrapper.framework; includeInIndex = 0; path = Pods_ToDoList.framework; sourceTree = BUILT_PRODUCTS_DIR; };
/* End PBXFileReference section */

/* Begin PBXFrameworksBuildPhase section */
		A6CEE626211BA12E00A169B6 /* Frameworks */ = {
			isa = PBXFrameworksBuildPhase;
			buildActionMask = 2147483647;
			files = (
				71491085215F3CCDD63EBB79 /* Pods_ToDoList.framework in Frameworks */,
			);
			runOnlyForDeploymentPostprocessing = 0;
		};
/* End PBXFrameworksBuildPhase section */

/* Begin PBXGroup section */
		2BB740982869190BC0367A3D /* Frameworks */ = {
			isa = PBXGroup;
			children = (
				BBE3FCE4B75D9B8907AE281E /* Pods_ToDoList.framework */,
			);
			name = Frameworks;
			sourceTree = "<group>";
		};
		A6598AB6211CAAD30022A0D4 /* Data Model */ = {
			isa = PBXGroup;
			children = (
				A6598ABB211CABAE0022A0D4 /* Category.swift */,
				A6598ABD211CABB70022A0D4 /* Item.swift */,
				A6598ABF211CECA90022A0D4 /* DateFormatter.swift */,
			);
			name = "Data Model";
			path = ..;
			sourceTree = "<group>";
		};
		A6598AB7211CAAE30022A0D4 /* Controllers */ = {
			isa = PBXGroup;
			children = (
				A6CEE62E211BA12E00A169B6 /* MainVC.swift */,
				A6CEE63E211C9E3200A169B6 /* DetailVC.swift */,
			);
			name = Controllers;
			path = ..;
			sourceTree = "<group>";
		};
		A6598AB8211CAB070022A0D4 /* Views */ = {
			isa = PBXGroup;
			children = (
				A6CEE630211BA12E00A169B6 /* Main.storyboard */,
				A6CEE635211BA12F00A169B6 /* LaunchScreen.storyboard */,
				A6B5B805211CF16B00641D69 /* NetworkManager.swift */,
				A6B5B807211CF3DC00641D69 /* EndPoints.swift */,
			);
			name = Views;
			path = ..;
			sourceTree = "<group>";
		};
		A6CEE620211BA12E00A169B6 = {
			isa = PBXGroup;
			children = (
				A6CEE62B211BA12E00A169B6 /* ToDoList */,
				A6CEE62A211BA12E00A169B6 /* Products */,
				A8BE3A78EB59AB82B258FB3C /* Pods */,
				2BB740982869190BC0367A3D /* Frameworks */,
			);
			sourceTree = "<group>";
		};
		A6CEE62A211BA12E00A169B6 /* Products */ = {
			isa = PBXGroup;
			children = (
				A6CEE629211BA12E00A169B6 /* ToDoList.app */,
			);
			name = Products;
			sourceTree = "<group>";
		};
		A6CEE62B211BA12E00A169B6 /* ToDoList */ = {
			isa = PBXGroup;
			children = (
				A6CEE62C211BA12E00A169B6 /* AppDelegate.swift */,
				A6598AB7211CAAE30022A0D4 /* Controllers */,
				A6598AB6211CAAD30022A0D4 /* Data Model */,
				A6598AB8211CAB070022A0D4 /* Views */,
				A6CEE633211BA12F00A169B6 /* Assets.xcassets */,
				A6CEE638211BA12F00A169B6 /* Info.plist */,
			);
			path = ToDoList;
			sourceTree = "<group>";
		};
		A8BE3A78EB59AB82B258FB3C /* Pods */ = {
			isa = PBXGroup;
			children = (
				3B11ECAA7A8F22F61665B3B5 /* Pods-ToDoList.debug.xcconfig */,
				6DC6652FE7C8877028A85464 /* Pods-ToDoList.release.xcconfig */,
			);
			name = Pods;
			sourceTree = "<group>";
		};
/* End PBXGroup section */

/* Begin PBXNativeTarget section */
		A6CEE628211BA12E00A169B6 /* ToDoList */ = {
			isa = PBXNativeTarget;
			buildConfigurationList = A6CEE63B211BA12F00A169B6 /* Build configuration list for PBXNativeTarget "ToDoList" */;
			buildPhases = (
				238B4502C756B6DFC87C5F45 /* [CP] Check Pods Manifest.lock */,
				A6CEE625211BA12E00A169B6 /* Sources */,
				A6CEE626211BA12E00A169B6 /* Frameworks */,
				A6CEE627211BA12E00A169B6 /* Resources */,
				BF78242C6893C324EA81A760 /* [CP] Embed Pods Frameworks */,
			);
			buildRules = (
			);
			dependencies = (
			);
			name = ToDoList;
			productName = ToDoList;
			productReference = A6CEE629211BA12E00A169B6 /* ToDoList.app */;
			productType = "com.apple.product-type.application";
		};
/* End PBXNativeTarget section */

/* Begin PBXProject section */
		A6CEE621211BA12E00A169B6 /* Project object */ = {
			isa = PBXProject;
			attributes = {
				LastSwiftUpdateCheck = 0940;
				LastUpgradeCheck = 0940;
				ORGANIZATIONNAME = "Taylor Smith";
				TargetAttributes = {
					A6CEE628211BA12E00A169B6 = {
						CreatedOnToolsVersion = 9.4.1;
					};
				};
			};
			buildConfigurationList = A6CEE624211BA12E00A169B6 /* Build configuration list for PBXProject "ToDoList" */;
			compatibilityVersion = "Xcode 9.3";
			developmentRegion = en;
			hasScannedForEncodings = 0;
			knownRegions = (
				en,
				Base,
			);
			mainGroup = A6CEE620211BA12E00A169B6;
			productRefGroup = A6CEE62A211BA12E00A169B6 /* Products */;
			projectDirPath = "";
			projectRoot = "";
			targets = (
				A6CEE628211BA12E00A169B6 /* ToDoList */,
			);
		};
/* End PBXProject section */

/* Begin PBXResourcesBuildPhase section */
		A6CEE627211BA12E00A169B6 /* Resources */ = {
			isa = PBXResourcesBuildPhase;
			buildActionMask = 2147483647;
			files = (
				A6CEE637211BA12F00A169B6 /* LaunchScreen.storyboard in Resources */,
				A6CEE634211BA12F00A169B6 /* Assets.xcassets in Resources */,
				A6CEE632211BA12E00A169B6 /* Main.storyboard in Resources */,
			);
			runOnlyForDeploymentPostprocessing = 0;
		};
/* End PBXResourcesBuildPhase section */

/* Begin PBXShellScriptBuildPhase section */
		238B4502C756B6DFC87C5F45 /* [CP] Check Pods Manifest.lock */ = {
			isa = PBXShellScriptBuildPhase;
			buildActionMask = 2147483647;
			files = (
			);
			inputPaths = (
				"${PODS_PODFILE_DIR_PATH}/Podfile.lock",
				"${PODS_ROOT}/Manifest.lock",
			);
			name = "[CP] Check Pods Manifest.lock";
			outputPaths = (
				"$(DERIVED_FILE_DIR)/Pods-ToDoList-checkManifestLockResult.txt",
			);
			runOnlyForDeploymentPostprocessing = 0;
			shellPath = /bin/sh;
			shellScript = "diff \"${PODS_PODFILE_DIR_PATH}/Podfile.lock\" \"${PODS_ROOT}/Manifest.lock\" > /dev/null\nif [ $? != 0 ] ; then\n    # print error to STDERR\n    echo \"error: The sandbox is not in sync with the Podfile.lock. Run 'pod install' or update your CocoaPods installation.\" >&2\n    exit 1\nfi\n# This output is used by Xcode 'outputs' to avoid re-running this script phase.\necho \"SUCCESS\" > \"${SCRIPT_OUTPUT_FILE_0}\"\n";
			showEnvVarsInLog = 0;
		};
		BF78242C6893C324EA81A760 /* [CP] Embed Pods Frameworks */ = {
			isa = PBXShellScriptBuildPhase;
			buildActionMask = 2147483647;
			files = (
			);
			inputPaths = (
				"${SRCROOT}/Pods/Target Support Files/Pods-ToDoList/Pods-ToDoList-frameworks.sh",
				"${BUILT_PRODUCTS_DIR}/Alamofire/Alamofire.framework",
				"${BUILT_PRODUCTS_DIR}/Realm/Realm.framework",
				"${BUILT_PRODUCTS_DIR}/RealmSwift/RealmSwift.framework",
			);
			name = "[CP] Embed Pods Frameworks";
			outputPaths = (
				"${TARGET_BUILD_DIR}/${FRAMEWORKS_FOLDER_PATH}/Alamofire.framework",
				"${TARGET_BUILD_DIR}/${FRAMEWORKS_FOLDER_PATH}/Realm.framework",
				"${TARGET_BUILD_DIR}/${FRAMEWORKS_FOLDER_PATH}/RealmSwift.framework",
			);
			runOnlyForDeploymentPostprocessing = 0;
			shellPath = /bin/sh;
			shellScript = "\"${SRCROOT}/Pods/Target Support Files/Pods-ToDoList/Pods-ToDoList-frameworks.sh\"\n";
			showEnvVarsInLog = 0;
		};
/* End PBXShellScriptBuildPhase section */

/* Begin PBXSourcesBuildPhase section */
		A6CEE625211BA12E00A169B6 /* Sources */ = {
			isa = PBXSourcesBuildPhase;
			buildActionMask = 2147483647;
			files = (
				A6598AC0211CECA90022A0D4 /* DateFormatter.swift in Sources */,
				A6598ABE211CABB70022A0D4 /* Item.swift in Sources */,
				A6CEE62F211BA12E00A169B6 /* MainVC.swift in Sources */,
				A6B5B806211CF16B00641D69 /* NetworkManager.swift in Sources */,
				A6CEE62D211BA12E00A169B6 /* AppDelegate.swift in Sources */,
				A6CEE63F211C9E3200A169B6 /* DetailVC.swift in Sources */,
				A6B5B808211CF3DC00641D69 /* EndPoints.swift in Sources */,
				A6598ABC211CABAE0022A0D4 /* Category.swift in Sources */,
			);
			runOnlyForDeploymentPostprocessing = 0;
		};
/* End PBXSourcesBuildPhase section */

/* Begin PBXVariantGroup section */
		A6CEE630211BA12E00A169B6 /* Main.storyboard */ = {
			isa = PBXVariantGroup;
			children = (
				A6CEE631211BA12E00A169B6 /* Base */,
			);
			name = Main.storyboard;
			sourceTree = "<group>";
		};
		A6CEE635211BA12F00A169B6 /* LaunchScreen.storyboard */ = {
			isa = PBXVariantGroup;
			children = (
				A6CEE636211BA12F00A169B6 /* Base */,
			);
			name = LaunchScreen.storyboard;
			sourceTree = "<group>";
		};
/* End PBXVariantGroup section */

/* Begin XCBuildConfiguration section */
		A6CEE639211BA12F00A169B6 /* Debug */ = {
			isa = XCBuildConfiguration;
			buildSettings = {
				ALWAYS_SEARCH_USER_PATHS = NO;
				CLANG_ANALYZER_NONNULL = YES;
				CLANG_ANALYZER_NUMBER_OBJECT_CONVERSION = YES_AGGRESSIVE;
				CLANG_CXX_LANGUAGE_STANDARD = "gnu++14";
				CLANG_CXX_LIBRARY = "libc++";
				CLANG_ENABLE_MODULES = YES;
				CLANG_ENABLE_OBJC_ARC = YES;
				CLANG_ENABLE_OBJC_WEAK = YES;
				CLANG_WARN_BLOCK_CAPTURE_AUTORELEASING = YES;
				CLANG_WARN_BOOL_CONVERSION = YES;
				CLANG_WARN_COMMA = YES;
				CLANG_WARN_CONSTANT_CONVERSION = YES;
				CLANG_WARN_DEPRECATED_OBJC_IMPLEMENTATIONS = YES;
				CLANG_WARN_DIRECT_OBJC_ISA_USAGE = YES_ERROR;
				CLANG_WARN_DOCUMENTATION_COMMENTS = YES;
				CLANG_WARN_EMPTY_BODY = YES;
				CLANG_WARN_ENUM_CONVERSION = YES;
				CLANG_WARN_INFINITE_RECURSION = YES;
				CLANG_WARN_INT_CONVERSION = YES;
				CLANG_WARN_NON_LITERAL_NULL_CONVERSION = YES;
				CLANG_WARN_OBJC_IMPLICIT_RETAIN_SELF = YES;
				CLANG_WARN_OBJC_LITERAL_CONVERSION = YES;
				CLANG_WARN_OBJC_ROOT_CLASS = YES_ERROR;
				CLANG_WARN_RANGE_LOOP_ANALYSIS = YES;
				CLANG_WARN_STRICT_PROTOTYPES = YES;
				CLANG_WARN_SUSPICIOUS_MOVE = YES;
				CLANG_WARN_UNGUARDED_AVAILABILITY = YES_AGGRESSIVE;
				CLANG_WARN_UNREACHABLE_CODE = YES;
				CLANG_WARN__DUPLICATE_METHOD_MATCH = YES;
				CODE_SIGN_IDENTITY = "iPhone Developer";
				COPY_PHASE_STRIP = NO;
				DEBUG_INFORMATION_FORMAT = dwarf;
				ENABLE_STRICT_OBJC_MSGSEND = YES;
				ENABLE_TESTABILITY = YES;
				GCC_C_LANGUAGE_STANDARD = gnu11;
				GCC_DYNAMIC_NO_PIC = NO;
				GCC_NO_COMMON_BLOCKS = YES;
				GCC_OPTIMIZATION_LEVEL = 0;
				GCC_PREPROCESSOR_DEFINITIONS = (
					"DEBUG=1",
					"$(inherited)",
				);
				GCC_WARN_64_TO_32_BIT_CONVERSION = YES;
				GCC_WARN_ABOUT_RETURN_TYPE = YES_ERROR;
				GCC_WARN_UNDECLARED_SELECTOR = YES;
				GCC_WARN_UNINITIALIZED_AUTOS = YES_AGGRESSIVE;
				GCC_WARN_UNUSED_FUNCTION = YES;
				GCC_WARN_UNUSED_VARIABLE = YES;
				IPHONEOS_DEPLOYMENT_TARGET = 11.4;
				MTL_ENABLE_DEBUG_INFO = YES;
				ONLY_ACTIVE_ARCH = YES;
				SDKROOT = iphoneos;
				SWIFT_ACTIVE_COMPILATION_CONDITIONS = DEBUG;
				SWIFT_OPTIMIZATION_LEVEL = "-Onone";
			};
			name = Debug;
		};
		A6CEE63A211BA12F00A169B6 /* Release */ = {
			isa = XCBuildConfiguration;
			buildSettings = {
				ALWAYS_SEARCH_USER_PATHS = NO;
				CLANG_ANALYZER_NONNULL = YES;
				CLANG_ANALYZER_NUMBER_OBJECT_CONVERSION = YES_AGGRESSIVE;
				CLANG_CXX_LANGUAGE_STANDARD = "gnu++14";
				CLANG_CXX_LIBRARY = "libc++";
				CLANG_ENABLE_MODULES = YES;
				CLANG_ENABLE_OBJC_ARC = YES;
				CLANG_ENABLE_OBJC_WEAK = YES;
				CLANG_WARN_BLOCK_CAPTURE_AUTORELEASING = YES;
				CLANG_WARN_BOOL_CONVERSION = YES;
				CLANG_WARN_COMMA = YES;
				CLANG_WARN_CONSTANT_CONVERSION = YES;
				CLANG_WARN_DEPRECATED_OBJC_IMPLEMENTATIONS = YES;
				CLANG_WARN_DIRECT_OBJC_ISA_USAGE = YES_ERROR;
				CLANG_WARN_DOCUMENTATION_COMMENTS = YES;
				CLANG_WARN_EMPTY_BODY = YES;
				CLANG_WARN_ENUM_CONVERSION = YES;
				CLANG_WARN_INFINITE_RECURSION = YES;
				CLANG_WARN_INT_CONVERSION = YES;
				CLANG_WARN_NON_LITERAL_NULL_CONVERSION = YES;
				CLANG_WARN_OBJC_IMPLICIT_RETAIN_SELF = YES;
				CLANG_WARN_OBJC_LITERAL_CONVERSION = YES;
				CLANG_WARN_OBJC_ROOT_CLASS = YES_ERROR;
				CLANG_WARN_RANGE_LOOP_ANALYSIS = YES;
				CLANG_WARN_STRICT_PROTOTYPES = YES;
				CLANG_WARN_SUSPICIOUS_MOVE = YES;
				CLANG_WARN_UNGUARDED_AVAILABILITY = YES_AGGRESSIVE;
				CLANG_WARN_UNREACHABLE_CODE = YES;
				CLANG_WARN__DUPLICATE_METHOD_MATCH = YES;
				CODE_SIGN_IDENTITY = "iPhone Developer";
				COPY_PHASE_STRIP = NO;
				DEBUG_INFORMATION_FORMAT = "dwarf-with-dsym";
				ENABLE_NS_ASSERTIONS = NO;
				ENABLE_STRICT_OBJC_MSGSEND = YES;
				GCC_C_LANGUAGE_STANDARD = gnu11;
				GCC_NO_COMMON_BLOCKS = YES;
				GCC_WARN_64_TO_32_BIT_CONVERSION = YES;
				GCC_WARN_ABOUT_RETURN_TYPE = YES_ERROR;
				GCC_WARN_UNDECLARED_SELECTOR = YES;
				GCC_WARN_UNINITIALIZED_AUTOS = YES_AGGRESSIVE;
				GCC_WARN_UNUSED_FUNCTION = YES;
				GCC_WARN_UNUSED_VARIABLE = YES;
				IPHONEOS_DEPLOYMENT_TARGET = 11.4;
				MTL_ENABLE_DEBUG_INFO = NO;
				SDKROOT = iphoneos;
				SWIFT_COMPILATION_MODE = wholemodule;
				SWIFT_OPTIMIZATION_LEVEL = "-O";
				VALIDATE_PRODUCT = YES;
			};
			name = Release;
		};
		A6CEE63C211BA12F00A169B6 /* Debug */ = {
			isa = XCBuildConfiguration;
			baseConfigurationReference = 3B11ECAA7A8F22F61665B3B5 /* Pods-ToDoList.debug.xcconfig */;
			buildSettings = {
				ASSETCATALOG_COMPILER_APPICON_NAME = AppIcon;
				CODE_SIGN_STYLE = Automatic;
				DEVELOPMENT_TEAM = KNEDT6Y55K;
				INFOPLIST_FILE = ToDoList/Info.plist;
				LD_RUNPATH_SEARCH_PATHS = (
					"$(inherited)",
					"@executable_path/Frameworks",
				);
				PRODUCT_BUNDLE_IDENTIFIER = com.TaylorSmith.ToDoList;
				PRODUCT_NAME = "$(TARGET_NAME)";
				SWIFT_VERSION = 4.0;
				TARGETED_DEVICE_FAMILY = "1,2";
			};
			name = Debug;
		};
		A6CEE63D211BA12F00A169B6 /* Release */ = {
			isa = XCBuildConfiguration;
			baseConfigurationReference = 6DC6652FE7C8877028A85464 /* Pods-ToDoList.release.xcconfig */;
			buildSettings = {
				ASSETCATALOG_COMPILER_APPICON_NAME = AppIcon;
				CODE_SIGN_STYLE = Automatic;
				DEVELOPMENT_TEAM = KNEDT6Y55K;
				INFOPLIST_FILE = ToDoList/Info.plist;
				LD_RUNPATH_SEARCH_PATHS = (
					"$(inherited)",
					"@executable_path/Frameworks",
				);
				PRODUCT_BUNDLE_IDENTIFIER = com.TaylorSmith.ToDoList;
				PRODUCT_NAME = "$(TARGET_NAME)";
				SWIFT_VERSION = 4.0;
				TARGETED_DEVICE_FAMILY = "1,2";
			};
			name = Release;
		};
/* End XCBuildConfiguration section */

/* Begin XCConfigurationList section */
		A6CEE624211BA12E00A169B6 /* Build configuration list for PBXProject "ToDoList" */ = {
			isa = XCConfigurationList;
			buildConfigurations = (
				A6CEE639211BA12F00A169B6 /* Debug */,
				A6CEE63A211BA12F00A169B6 /* Release */,
			);
			defaultConfigurationIsVisible = 0;
			defaultConfigurationName = Release;
		};
		A6CEE63B211BA12F00A169B6 /* Build configuration list for PBXNativeTarget "ToDoList" */ = {
			isa = XCConfigurationList;
			buildConfigurations = (
				A6CEE63C211BA12F00A169B6 /* Debug */,
				A6CEE63D211BA12F00A169B6 /* Release */,
			);
			defaultConfigurationIsVisible = 0;
			defaultConfigurationName = Release;
		};
/* End XCConfigurationList section */
	};
	rootObject = A6CEE621211BA12E00A169B6 /* Project object */;
}
